// !$*UTF8*$!
{
	archiveVersion = 1;
	classes = {
	};
	objectVersion = 56;
	objects = {

/* Begin PBXBuildFile section */
		A50A21282AEA83AA00BBF543 /* CurrencyFetcher.swift in Sources */ = {isa = PBXBuildFile; fileRef = A50A21272AEA83AA00BBF543 /* CurrencyFetcher.swift */; };
		A50A212A2AEA841000BBF543 /* Currency.swift in Sources */ = {isa = PBXBuildFile; fileRef = A50A21292AEA841000BBF543 /* Currency.swift */; };
		A50FDF4F2B14B01D00E1F54A /* Alamofire.xcframework in Frameworks */ = {isa = PBXBuildFile; fileRef = A50FDF472B14B01700E1F54A /* Alamofire.xcframework */; };
		A50FDF502B14B01D00E1F54A /* Alamofire.xcframework in Embed Frameworks */ = {isa = PBXBuildFile; fileRef = A50FDF472B14B01700E1F54A /* Alamofire.xcframework */; settings = {ATTRIBUTES = (CodeSignOnCopy, RemoveHeadersOnCopy, ); }; };
		A50FDF512B14B01D00E1F54A /* RxRelay.xcframework in Frameworks */ = {isa = PBXBuildFile; fileRef = A50FDF482B14B01800E1F54A /* RxRelay.xcframework */; };
		A50FDF522B14B01D00E1F54A /* RxRelay.xcframework in Embed Frameworks */ = {isa = PBXBuildFile; fileRef = A50FDF482B14B01800E1F54A /* RxRelay.xcframework */; settings = {ATTRIBUTES = (CodeSignOnCopy, RemoveHeadersOnCopy, ); }; };
		A50FDF532B14B01D00E1F54A /* RxSwift.xcframework in Frameworks */ = {isa = PBXBuildFile; fileRef = A50FDF492B14B01900E1F54A /* RxSwift.xcframework */; };
		A50FDF542B14B01D00E1F54A /* RxSwift.xcframework in Embed Frameworks */ = {isa = PBXBuildFile; fileRef = A50FDF492B14B01900E1F54A /* RxSwift.xcframework */; settings = {ATTRIBUTES = (CodeSignOnCopy, RemoveHeadersOnCopy, ); }; };
		A50FDF552B14B01D00E1F54A /* RxCocoa.xcframework in Frameworks */ = {isa = PBXBuildFile; fileRef = A50FDF4A2B14B01A00E1F54A /* RxCocoa.xcframework */; };
		A50FDF562B14B01D00E1F54A /* RxCocoa.xcframework in Embed Frameworks */ = {isa = PBXBuildFile; fileRef = A50FDF4A2B14B01A00E1F54A /* RxCocoa.xcframework */; settings = {ATTRIBUTES = (CodeSignOnCopy, RemoveHeadersOnCopy, ); }; };
		A50FDF572B14B01E00E1F54A /* RxDataSources.xcframework in Frameworks */ = {isa = PBXBuildFile; fileRef = A50FDF4B2B14B01B00E1F54A /* RxDataSources.xcframework */; };
		A50FDF582B14B01E00E1F54A /* RxDataSources.xcframework in Embed Frameworks */ = {isa = PBXBuildFile; fileRef = A50FDF4B2B14B01B00E1F54A /* RxDataSources.xcframework */; settings = {ATTRIBUTES = (CodeSignOnCopy, RemoveHeadersOnCopy, ); }; };
		A50FDF592B14B01E00E1F54A /* RxBlocking.xcframework in Frameworks */ = {isa = PBXBuildFile; fileRef = A50FDF4C2B14B01B00E1F54A /* RxBlocking.xcframework */; };
		A50FDF5A2B14B01E00E1F54A /* RxBlocking.xcframework in Embed Frameworks */ = {isa = PBXBuildFile; fileRef = A50FDF4C2B14B01B00E1F54A /* RxBlocking.xcframework */; settings = {ATTRIBUTES = (CodeSignOnCopy, RemoveHeadersOnCopy, ); }; };
		A50FDF5B2B14B01E00E1F54A /* Differentiator.xcframework in Frameworks */ = {isa = PBXBuildFile; fileRef = A50FDF4D2B14B01C00E1F54A /* Differentiator.xcframework */; };
		A50FDF5C2B14B01E00E1F54A /* Differentiator.xcframework in Embed Frameworks */ = {isa = PBXBuildFile; fileRef = A50FDF4D2B14B01C00E1F54A /* Differentiator.xcframework */; settings = {ATTRIBUTES = (CodeSignOnCopy, RemoveHeadersOnCopy, ); }; };
		A521DE452B0CD99300BF1899 /* CurrencyList.swift in Sources */ = {isa = PBXBuildFile; fileRef = A521DE442B0CD99300BF1899 /* CurrencyList.swift */; };
		A524BE1A2ACDCF0E00D3303E /* AppDelegate.swift in Sources */ = {isa = PBXBuildFile; fileRef = A524BE192ACDCF0E00D3303E /* AppDelegate.swift */; };
		A524BE1C2ACDCF0E00D3303E /* SceneDelegate.swift in Sources */ = {isa = PBXBuildFile; fileRef = A524BE1B2ACDCF0E00D3303E /* SceneDelegate.swift */; };
		A524BE1E2ACDCF0E00D3303E /* MainViewController.swift in Sources */ = {isa = PBXBuildFile; fileRef = A524BE1D2ACDCF0E00D3303E /* MainViewController.swift */; };
		A524BE242ACDCF0E00D3303E /* Currency_Widget.xcdatamodeld in Sources */ = {isa = PBXBuildFile; fileRef = A524BE222ACDCF0E00D3303E /* Currency_Widget.xcdatamodeld */; };
		A524BE262ACDCF1200D3303E /* Assets.xcassets in Resources */ = {isa = PBXBuildFile; fileRef = A524BE252ACDCF1200D3303E /* Assets.xcassets */; };
		A524BE292ACDCF1200D3303E /* LaunchScreen.storyboard in Resources */ = {isa = PBXBuildFile; fileRef = A524BE272ACDCF1200D3303E /* LaunchScreen.storyboard */; };
		A524BE322ACDDF0400D3303E /* MainNavigationBar.swift in Sources */ = {isa = PBXBuildFile; fileRef = A524BE312ACDDF0400D3303E /* MainNavigationBar.swift */; };
		A5263DE92B05589100CAC378 /* TabBarViewController.swift in Sources */ = {isa = PBXBuildFile; fileRef = A5263DE82B05589100CAC378 /* TabBarViewController.swift */; };
		A538C7712B025ACE007F2145 /* HeaderView.swift in Sources */ = {isa = PBXBuildFile; fileRef = A538C7702B025ACD007F2145 /* HeaderView.swift */; };
		A54203922AF110C400A586D7 /* CurrencyPair.swift in Sources */ = {isa = PBXBuildFile; fileRef = A54203912AF110C400A586D7 /* CurrencyPair.swift */; };
		A54203952AF113A200A586D7 /* CurrencyPairsListViewModel.swift in Sources */ = {isa = PBXBuildFile; fileRef = A54203942AF113A200A586D7 /* CurrencyPairsListViewModel.swift */; };
		A547B2C92B03985B008747A2 /* ExchangeViewController.swift in Sources */ = {isa = PBXBuildFile; fileRef = A547B2C82B03985B008747A2 /* ExchangeViewController.swift */; };
		A547B2D52B039BD7008747A2 /* EnterCurrencyView.swift in Sources */ = {isa = PBXBuildFile; fileRef = A547B2D42B039BD7008747A2 /* EnterCurrencyView.swift */; };
		A589C77A2ACF0B95001ABF2C /* Theme.swift in Sources */ = {isa = PBXBuildFile; fileRef = A589C7792ACF0B95001ABF2C /* Theme.swift */; };
		A589C77D2ACF0F56001ABF2C /* CurrencyPairsListViewController.swift in Sources */ = {isa = PBXBuildFile; fileRef = A589C77C2ACF0F56001ABF2C /* CurrencyPairsListViewController.swift */; };
		A589C77F2ACF3926001ABF2C /* AddTileUIView.swift in Sources */ = {isa = PBXBuildFile; fileRef = A589C77E2ACF3926001ABF2C /* AddTileUIView.swift */; };
		A5D6DA872AD6F5FA00E3D4F4 /* Tile3x2CollectionViewCell.swift in Sources */ = {isa = PBXBuildFile; fileRef = A5D6DA862AD6F5FA00E3D4F4 /* Tile3x2CollectionViewCell.swift */; };
		A5D6DA892AD97FFF00E3D4F4 /* Tile1x2CollectionViewCell.swift in Sources */ = {isa = PBXBuildFile; fileRef = A5D6DA882AD97FFF00E3D4F4 /* Tile1x2CollectionViewCell.swift */; };
/* End PBXBuildFile section */

/* Begin PBXCopyFilesBuildPhase section */
		A54203992AF118D000A586D7 /* Embed Frameworks */ = {
			isa = PBXCopyFilesBuildPhase;
			buildActionMask = 2147483647;
			dstPath = "";
			dstSubfolderSpec = 10;
			files = (
				A50FDF542B14B01D00E1F54A /* RxSwift.xcframework in Embed Frameworks */,
				A50FDF562B14B01D00E1F54A /* RxCocoa.xcframework in Embed Frameworks */,
				A50FDF502B14B01D00E1F54A /* Alamofire.xcframework in Embed Frameworks */,
				A50FDF582B14B01E00E1F54A /* RxDataSources.xcframework in Embed Frameworks */,
				A50FDF5A2B14B01E00E1F54A /* RxBlocking.xcframework in Embed Frameworks */,
				A50FDF522B14B01D00E1F54A /* RxRelay.xcframework in Embed Frameworks */,
				A50FDF5C2B14B01E00E1F54A /* Differentiator.xcframework in Embed Frameworks */,
			);
			name = "Embed Frameworks";
			runOnlyForDeploymentPostprocessing = 0;
		};
/* End PBXCopyFilesBuildPhase section */

/* Begin PBXFileReference section */
		A50A21272AEA83AA00BBF543 /* CurrencyFetcher.swift */ = {isa = PBXFileReference; lastKnownFileType = sourcecode.swift; path = CurrencyFetcher.swift; sourceTree = "<group>"; };
		A50A21292AEA841000BBF543 /* Currency.swift */ = {isa = PBXFileReference; lastKnownFileType = sourcecode.swift; path = Currency.swift; sourceTree = "<group>"; };
		A50FDF472B14B01700E1F54A /* Alamofire.xcframework */ = {isa = PBXFileReference; lastKnownFileType = wrapper.xcframework; name = Alamofire.xcframework; path = Carthage/Build/Alamofire.xcframework; sourceTree = "<group>"; };
		A50FDF482B14B01800E1F54A /* RxRelay.xcframework */ = {isa = PBXFileReference; lastKnownFileType = wrapper.xcframework; name = RxRelay.xcframework; path = Carthage/Build/RxRelay.xcframework; sourceTree = "<group>"; };
		A50FDF492B14B01900E1F54A /* RxSwift.xcframework */ = {isa = PBXFileReference; lastKnownFileType = wrapper.xcframework; name = RxSwift.xcframework; path = Carthage/Build/RxSwift.xcframework; sourceTree = "<group>"; };
		A50FDF4A2B14B01A00E1F54A /* RxCocoa.xcframework */ = {isa = PBXFileReference; lastKnownFileType = wrapper.xcframework; name = RxCocoa.xcframework; path = Carthage/Build/RxCocoa.xcframework; sourceTree = "<group>"; };
		A50FDF4B2B14B01B00E1F54A /* RxDataSources.xcframework */ = {isa = PBXFileReference; lastKnownFileType = wrapper.xcframework; name = RxDataSources.xcframework; path = Carthage/Build/RxDataSources.xcframework; sourceTree = "<group>"; };
		A50FDF4C2B14B01B00E1F54A /* RxBlocking.xcframework */ = {isa = PBXFileReference; lastKnownFileType = wrapper.xcframework; name = RxBlocking.xcframework; path = Carthage/Build/RxBlocking.xcframework; sourceTree = "<group>"; };
		A50FDF4D2B14B01C00E1F54A /* Differentiator.xcframework */ = {isa = PBXFileReference; lastKnownFileType = wrapper.xcframework; name = Differentiator.xcframework; path = Carthage/Build/Differentiator.xcframework; sourceTree = "<group>"; };
		A521DE442B0CD99300BF1899 /* CurrencyList.swift */ = {isa = PBXFileReference; lastKnownFileType = sourcecode.swift; path = CurrencyList.swift; sourceTree = "<group>"; };
		A524BE162ACDCF0E00D3303E /* Currency Widget.app */ = {isa = PBXFileReference; explicitFileType = wrapper.application; includeInIndex = 0; path = "Currency Widget.app"; sourceTree = BUILT_PRODUCTS_DIR; };
		A524BE192ACDCF0E00D3303E /* AppDelegate.swift */ = {isa = PBXFileReference; lastKnownFileType = sourcecode.swift; path = AppDelegate.swift; sourceTree = "<group>"; };
		A524BE1B2ACDCF0E00D3303E /* SceneDelegate.swift */ = {isa = PBXFileReference; lastKnownFileType = sourcecode.swift; path = SceneDelegate.swift; sourceTree = "<group>"; };
		A524BE1D2ACDCF0E00D3303E /* MainViewController.swift */ = {isa = PBXFileReference; lastKnownFileType = sourcecode.swift; path = MainViewController.swift; sourceTree = "<group>"; };
		A524BE232ACDCF0E00D3303E /* Currency_Widget.xcdatamodel */ = {isa = PBXFileReference; lastKnownFileType = wrapper.xcdatamodel; path = Currency_Widget.xcdatamodel; sourceTree = "<group>"; };
		A524BE252ACDCF1200D3303E /* Assets.xcassets */ = {isa = PBXFileReference; lastKnownFileType = folder.assetcatalog; path = Assets.xcassets; sourceTree = "<group>"; };
		A524BE282ACDCF1200D3303E /* Base */ = {isa = PBXFileReference; lastKnownFileType = file.storyboard; name = Base; path = Base.lproj/LaunchScreen.storyboard; sourceTree = "<group>"; };
		A524BE2A2ACDCF1200D3303E /* Info.plist */ = {isa = PBXFileReference; lastKnownFileType = text.plist.xml; path = Info.plist; sourceTree = "<group>"; };
		A524BE312ACDDF0400D3303E /* MainNavigationBar.swift */ = {isa = PBXFileReference; lastKnownFileType = sourcecode.swift; path = MainNavigationBar.swift; sourceTree = "<group>"; };
		A5263DE82B05589100CAC378 /* TabBarViewController.swift */ = {isa = PBXFileReference; lastKnownFileType = sourcecode.swift; path = TabBarViewController.swift; sourceTree = "<group>"; };
		A538C7702B025ACD007F2145 /* HeaderView.swift */ = {isa = PBXFileReference; lastKnownFileType = sourcecode.swift; path = HeaderView.swift; sourceTree = "<group>"; };
		A54203912AF110C400A586D7 /* CurrencyPair.swift */ = {isa = PBXFileReference; lastKnownFileType = sourcecode.swift; path = CurrencyPair.swift; sourceTree = "<group>"; };
		A54203942AF113A200A586D7 /* CurrencyPairsListViewModel.swift */ = {isa = PBXFileReference; lastKnownFileType = sourcecode.swift; path = CurrencyPairsListViewModel.swift; sourceTree = "<group>"; };
		A547B2C82B03985B008747A2 /* ExchangeViewController.swift */ = {isa = PBXFileReference; lastKnownFileType = sourcecode.swift; path = ExchangeViewController.swift; sourceTree = "<group>"; };
		A547B2D42B039BD7008747A2 /* EnterCurrencyView.swift */ = {isa = PBXFileReference; lastKnownFileType = sourcecode.swift; path = EnterCurrencyView.swift; sourceTree = "<group>"; };
		A589C7792ACF0B95001ABF2C /* Theme.swift */ = {isa = PBXFileReference; lastKnownFileType = sourcecode.swift; path = Theme.swift; sourceTree = "<group>"; };
		A589C77C2ACF0F56001ABF2C /* CurrencyPairsListViewController.swift */ = {isa = PBXFileReference; lastKnownFileType = sourcecode.swift; path = CurrencyPairsListViewController.swift; sourceTree = "<group>"; };
		A589C77E2ACF3926001ABF2C /* AddTileUIView.swift */ = {isa = PBXFileReference; lastKnownFileType = sourcecode.swift; path = AddTileUIView.swift; sourceTree = "<group>"; };
		A5D6DA862AD6F5FA00E3D4F4 /* Tile3x2CollectionViewCell.swift */ = {isa = PBXFileReference; lastKnownFileType = sourcecode.swift; path = Tile3x2CollectionViewCell.swift; sourceTree = "<group>"; };
		A5D6DA882AD97FFF00E3D4F4 /* Tile1x2CollectionViewCell.swift */ = {isa = PBXFileReference; lastKnownFileType = sourcecode.swift; path = Tile1x2CollectionViewCell.swift; sourceTree = "<group>"; };
/* End PBXFileReference section */

/* Begin PBXFrameworksBuildPhase section */
		A524BE132ACDCF0E00D3303E /* Frameworks */ = {
			isa = PBXFrameworksBuildPhase;
			buildActionMask = 2147483647;
			files = (
				A50FDF532B14B01D00E1F54A /* RxSwift.xcframework in Frameworks */,
				A50FDF552B14B01D00E1F54A /* RxCocoa.xcframework in Frameworks */,
				A50FDF4F2B14B01D00E1F54A /* Alamofire.xcframework in Frameworks */,
				A50FDF572B14B01E00E1F54A /* RxDataSources.xcframework in Frameworks */,
				A50FDF592B14B01E00E1F54A /* RxBlocking.xcframework in Frameworks */,
				A50FDF512B14B01D00E1F54A /* RxRelay.xcframework in Frameworks */,
				A50FDF5B2B14B01E00E1F54A /* Differentiator.xcframework in Frameworks */,
			);
			runOnlyForDeploymentPostprocessing = 0;
		};
/* End PBXFrameworksBuildPhase section */

/* Begin PBXGroup section */
		A50A21262AEA838000BBF543 /* Workers */ = {
			isa = PBXGroup;
			children = (
				A50A21272AEA83AA00BBF543 /* CurrencyFetcher.swift */,
			);
			path = Workers;
			sourceTree = "<group>";
		};
		A524BE0D2ACDCF0E00D3303E = {
			isa = PBXGroup;
			children = (
				A524BE182ACDCF0E00D3303E /* Currency Widget */,
				A524BE172ACDCF0E00D3303E /* Products */,
				A5270F372B1235E0006DE662 /* Frameworks */,
			);
			sourceTree = "<group>";
		};
		A524BE172ACDCF0E00D3303E /* Products */ = {
			isa = PBXGroup;
			children = (
				A524BE162ACDCF0E00D3303E /* Currency Widget.app */,
			);
			name = Products;
			sourceTree = "<group>";
		};
		A524BE182ACDCF0E00D3303E /* Currency Widget */ = {
			isa = PBXGroup;
			children = (
				A50A21262AEA838000BBF543 /* Workers */,
				A5D6DA852AD6CE7C00E3D4F4 /* Global Models */,
				A524BE192ACDCF0E00D3303E /* AppDelegate.swift */,
				A524BE1B2ACDCF0E00D3303E /* SceneDelegate.swift */,
				A589C7792ACF0B95001ABF2C /* Theme.swift */,
				A589C77B2ACF0EC0001ABF2C /* ViewControllers */,
				A524BE252ACDCF1200D3303E /* Assets.xcassets */,
				A524BE272ACDCF1200D3303E /* LaunchScreen.storyboard */,
				A524BE2A2ACDCF1200D3303E /* Info.plist */,
				A524BE222ACDCF0E00D3303E /* Currency_Widget.xcdatamodeld */,
			);
			path = "Currency Widget";
			sourceTree = "<group>";
		};
		A5270F372B1235E0006DE662 /* Frameworks */ = {
			isa = PBXGroup;
			children = (
				A50FDF472B14B01700E1F54A /* Alamofire.xcframework */,
				A50FDF4D2B14B01C00E1F54A /* Differentiator.xcframework */,
				A50FDF4C2B14B01B00E1F54A /* RxBlocking.xcframework */,
				A50FDF4A2B14B01A00E1F54A /* RxCocoa.xcframework */,
				A50FDF4B2B14B01B00E1F54A /* RxDataSources.xcframework */,
				A50FDF482B14B01800E1F54A /* RxRelay.xcframework */,
				A50FDF492B14B01900E1F54A /* RxSwift.xcframework */,
			);
			name = Frameworks;
			sourceTree = "<group>";
		};
		A54203902AF110A300A586D7 /* Models */ = {
			isa = PBXGroup;
			children = (
				A54203942AF113A200A586D7 /* CurrencyPairsListViewModel.swift */,
				A54203912AF110C400A586D7 /* CurrencyPair.swift */,
			);
			path = Models;
			sourceTree = "<group>";
		};
		A54203932AF1134D00A586D7 /* Views */ = {
			isa = PBXGroup;
			children = (
				A524BE312ACDDF0400D3303E /* MainNavigationBar.swift */,
				A589C77E2ACF3926001ABF2C /* AddTileUIView.swift */,
				A5D6DA862AD6F5FA00E3D4F4 /* Tile3x2CollectionViewCell.swift */,
				A5D6DA882AD97FFF00E3D4F4 /* Tile1x2CollectionViewCell.swift */,
				A538C7702B025ACD007F2145 /* HeaderView.swift */,
				A547B2D42B039BD7008747A2 /* EnterCurrencyView.swift */,
			);
			path = Views;
			sourceTree = "<group>";
		};
		A55126F82B0CD49F00215C62 /* Home */ = {
			isa = PBXGroup;
			children = (
				A524BE1D2ACDCF0E00D3303E /* MainViewController.swift */,
				A589C77C2ACF0F56001ABF2C /* CurrencyPairsListViewController.swift */,
				A547B2C82B03985B008747A2 /* ExchangeViewController.swift */,
				A54203932AF1134D00A586D7 /* Views */,
				A54203902AF110A300A586D7 /* Models */,
			);
			path = Home;
			sourceTree = "<group>";
		};
		A589C77B2ACF0EC0001ABF2C /* ViewControllers */ = {
			isa = PBXGroup;
			children = (
				A5263DE82B05589100CAC378 /* TabBarViewController.swift */,
				A55126F82B0CD49F00215C62 /* Home */,
			);
			path = ViewControllers;
			sourceTree = "<group>";
		};
		A5D6DA852AD6CE7C00E3D4F4 /* Global Models */ = {
			isa = PBXGroup;
			children = (
				A50A21292AEA841000BBF543 /* Currency.swift */,
				A521DE442B0CD99300BF1899 /* CurrencyList.swift */,
			);
			path = "Global Models";
			sourceTree = "<group>";
		};
/* End PBXGroup section */

/* Begin PBXNativeTarget section */
		A524BE152ACDCF0E00D3303E /* Currency Widget */ = {
			isa = PBXNativeTarget;
			buildConfigurationList = A524BE2D2ACDCF1200D3303E /* Build configuration list for PBXNativeTarget "Currency Widget" */;
			buildPhases = (
				A524BE122ACDCF0E00D3303E /* Sources */,
				A524BE132ACDCF0E00D3303E /* Frameworks */,
				A524BE142ACDCF0E00D3303E /* Resources */,
				A54203992AF118D000A586D7 /* Embed Frameworks */,
			);
			buildRules = (
			);
			dependencies = (
			);
			name = "Currency Widget";
			productName = "Currency Widget";
			productReference = A524BE162ACDCF0E00D3303E /* Currency Widget.app */;
			productType = "com.apple.product-type.application";
		};
/* End PBXNativeTarget section */

/* Begin PBXProject section */
		A524BE0E2ACDCF0E00D3303E /* Project object */ = {
			isa = PBXProject;
			attributes = {
				BuildIndependentTargetsInParallel = 1;
				LastSwiftUpdateCheck = 1430;
				LastUpgradeCheck = 1430;
				TargetAttributes = {
					A524BE152ACDCF0E00D3303E = {
						CreatedOnToolsVersion = 14.3;
					};
				};
			};
			buildConfigurationList = A524BE112ACDCF0E00D3303E /* Build configuration list for PBXProject "Currency Widget" */;
			compatibilityVersion = "Xcode 14.0";
			developmentRegion = en;
			hasScannedForEncodings = 0;
			knownRegions = (
				en,
				Base,
			);
			mainGroup = A524BE0D2ACDCF0E00D3303E;
			productRefGroup = A524BE172ACDCF0E00D3303E /* Products */;
			projectDirPath = "";
			projectRoot = "";
			targets = (
				A524BE152ACDCF0E00D3303E /* Currency Widget */,
			);
		};
/* End PBXProject section */

/* Begin PBXResourcesBuildPhase section */
		A524BE142ACDCF0E00D3303E /* Resources */ = {
			isa = PBXResourcesBuildPhase;
			buildActionMask = 2147483647;
			files = (
				A524BE292ACDCF1200D3303E /* LaunchScreen.storyboard in Resources */,
				A524BE262ACDCF1200D3303E /* Assets.xcassets in Resources */,
			);
			runOnlyForDeploymentPostprocessing = 0;
		};
/* End PBXResourcesBuildPhase section */

/* Begin PBXSourcesBuildPhase section */
		A524BE122ACDCF0E00D3303E /* Sources */ = {
			isa = PBXSourcesBuildPhase;
			buildActionMask = 2147483647;
			files = (
				A50A212A2AEA841000BBF543 /* Currency.swift in Sources */,
				A524BE1E2ACDCF0E00D3303E /* MainViewController.swift in Sources */,
				A54203922AF110C400A586D7 /* CurrencyPair.swift in Sources */,
				A589C77D2ACF0F56001ABF2C /* CurrencyPairsListViewController.swift in Sources */,
				A5D6DA872AD6F5FA00E3D4F4 /* Tile3x2CollectionViewCell.swift in Sources */,
				A524BE1A2ACDCF0E00D3303E /* AppDelegate.swift in Sources */,
				A54203952AF113A200A586D7 /* CurrencyPairsListViewModel.swift in Sources */,
				A5263DE92B05589100CAC378 /* TabBarViewController.swift in Sources */,
				A524BE322ACDDF0400D3303E /* MainNavigationBar.swift in Sources */,
				A589C77A2ACF0B95001ABF2C /* Theme.swift in Sources */,
				A524BE242ACDCF0E00D3303E /* Currency_Widget.xcdatamodeld in Sources */,
				A538C7712B025ACE007F2145 /* HeaderView.swift in Sources */,
				A547B2C92B03985B008747A2 /* ExchangeViewController.swift in Sources */,
				A5D6DA892AD97FFF00E3D4F4 /* Tile1x2CollectionViewCell.swift in Sources */,
				A589C77F2ACF3926001ABF2C /* AddTileUIView.swift in Sources */,
				A50A21282AEA83AA00BBF543 /* CurrencyFetcher.swift in Sources */,
				A547B2D52B039BD7008747A2 /* EnterCurrencyView.swift in Sources */,
				A521DE452B0CD99300BF1899 /* CurrencyList.swift in Sources */,
				A524BE1C2ACDCF0E00D3303E /* SceneDelegate.swift in Sources */,
			);
			runOnlyForDeploymentPostprocessing = 0;
		};
/* End PBXSourcesBuildPhase section */

/* Begin PBXVariantGroup section */
		A524BE272ACDCF1200D3303E /* LaunchScreen.storyboard */ = {
			isa = PBXVariantGroup;
			children = (
				A524BE282ACDCF1200D3303E /* Base */,
			);
			name = LaunchScreen.storyboard;
			sourceTree = "<group>";
		};
/* End PBXVariantGroup section */

/* Begin XCBuildConfiguration section */
		A524BE2B2ACDCF1200D3303E /* Debug */ = {
			isa = XCBuildConfiguration;
			buildSettings = {
				ALWAYS_SEARCH_USER_PATHS = NO;
				CLANG_ANALYZER_NONNULL = YES;
				CLANG_ANALYZER_NUMBER_OBJECT_CONVERSION = YES_AGGRESSIVE;
				CLANG_CXX_LANGUAGE_STANDARD = "gnu++20";
				CLANG_ENABLE_MODULES = YES;
				CLANG_ENABLE_OBJC_ARC = YES;
				CLANG_ENABLE_OBJC_WEAK = YES;
				CLANG_WARN_BLOCK_CAPTURE_AUTORELEASING = YES;
				CLANG_WARN_BOOL_CONVERSION = YES;
				CLANG_WARN_COMMA = YES;
				CLANG_WARN_CONSTANT_CONVERSION = YES;
				CLANG_WARN_DEPRECATED_OBJC_IMPLEMENTATIONS = YES;
				CLANG_WARN_DIRECT_OBJC_ISA_USAGE = YES_ERROR;
				CLANG_WARN_DOCUMENTATION_COMMENTS = YES;
				CLANG_WARN_EMPTY_BODY = YES;
				CLANG_WARN_ENUM_CONVERSION = YES;
				CLANG_WARN_INFINITE_RECURSION = YES;
				CLANG_WARN_INT_CONVERSION = YES;
				CLANG_WARN_NON_LITERAL_NULL_CONVERSION = YES;
				CLANG_WARN_OBJC_IMPLICIT_RETAIN_SELF = YES;
				CLANG_WARN_OBJC_LITERAL_CONVERSION = YES;
				CLANG_WARN_OBJC_ROOT_CLASS = YES_ERROR;
				CLANG_WARN_QUOTED_INCLUDE_IN_FRAMEWORK_HEADER = YES;
				CLANG_WARN_RANGE_LOOP_ANALYSIS = YES;
				CLANG_WARN_STRICT_PROTOTYPES = YES;
				CLANG_WARN_SUSPICIOUS_MOVE = YES;
				CLANG_WARN_UNGUARDED_AVAILABILITY = YES_AGGRESSIVE;
				CLANG_WARN_UNREACHABLE_CODE = YES;
				CLANG_WARN__DUPLICATE_METHOD_MATCH = YES;
				COPY_PHASE_STRIP = NO;
				DEBUG_INFORMATION_FORMAT = dwarf;
				ENABLE_STRICT_OBJC_MSGSEND = YES;
				ENABLE_TESTABILITY = YES;
				GCC_C_LANGUAGE_STANDARD = gnu11;
				GCC_DYNAMIC_NO_PIC = NO;
				GCC_NO_COMMON_BLOCKS = YES;
				GCC_OPTIMIZATION_LEVEL = 0;
				GCC_PREPROCESSOR_DEFINITIONS = (
					"DEBUG=1",
					"$(inherited)",
				);
				GCC_WARN_64_TO_32_BIT_CONVERSION = YES;
				GCC_WARN_ABOUT_RETURN_TYPE = YES_ERROR;
				GCC_WARN_UNDECLARED_SELECTOR = YES;
				GCC_WARN_UNINITIALIZED_AUTOS = YES_AGGRESSIVE;
				GCC_WARN_UNUSED_FUNCTION = YES;
				GCC_WARN_UNUSED_VARIABLE = YES;
				IPHONEOS_DEPLOYMENT_TARGET = 15.0;
				MTL_ENABLE_DEBUG_INFO = INCLUDE_SOURCE;
				MTL_FAST_MATH = YES;
				ONLY_ACTIVE_ARCH = YES;
				SDKROOT = iphoneos;
				SWIFT_ACTIVE_COMPILATION_CONDITIONS = DEBUG;
				SWIFT_OPTIMIZATION_LEVEL = "-Onone";
			};
			name = Debug;
		};
		A524BE2C2ACDCF1200D3303E /* Release */ = {
			isa = XCBuildConfiguration;
			buildSettings = {
				ALWAYS_SEARCH_USER_PATHS = NO;
				CLANG_ANALYZER_NONNULL = YES;
				CLANG_ANALYZER_NUMBER_OBJECT_CONVERSION = YES_AGGRESSIVE;
				CLANG_CXX_LANGUAGE_STANDARD = "gnu++20";
				CLANG_ENABLE_MODULES = YES;
				CLANG_ENABLE_OBJC_ARC = YES;
				CLANG_ENABLE_OBJC_WEAK = YES;
				CLANG_WARN_BLOCK_CAPTURE_AUTORELEASING = YES;
				CLANG_WARN_BOOL_CONVERSION = YES;
				CLANG_WARN_COMMA = YES;
				CLANG_WARN_CONSTANT_CONVERSION = YES;
				CLANG_WARN_DEPRECATED_OBJC_IMPLEMENTATIONS = YES;
				CLANG_WARN_DIRECT_OBJC_ISA_USAGE = YES_ERROR;
				CLANG_WARN_DOCUMENTATION_COMMENTS = YES;
				CLANG_WARN_EMPTY_BODY = YES;
				CLANG_WARN_ENUM_CONVERSION = YES;
				CLANG_WARN_INFINITE_RECURSION = YES;
				CLANG_WARN_INT_CONVERSION = YES;
				CLANG_WARN_NON_LITERAL_NULL_CONVERSION = YES;
				CLANG_WARN_OBJC_IMPLICIT_RETAIN_SELF = YES;
				CLANG_WARN_OBJC_LITERAL_CONVERSION = YES;
				CLANG_WARN_OBJC_ROOT_CLASS = YES_ERROR;
				CLANG_WARN_QUOTED_INCLUDE_IN_FRAMEWORK_HEADER = YES;
				CLANG_WARN_RANGE_LOOP_ANALYSIS = YES;
				CLANG_WARN_STRICT_PROTOTYPES = YES;
				CLANG_WARN_SUSPICIOUS_MOVE = YES;
				CLANG_WARN_UNGUARDED_AVAILABILITY = YES_AGGRESSIVE;
				CLANG_WARN_UNREACHABLE_CODE = YES;
				CLANG_WARN__DUPLICATE_METHOD_MATCH = YES;
				COPY_PHASE_STRIP = NO;
				DEBUG_INFORMATION_FORMAT = "dwarf-with-dsym";
				ENABLE_NS_ASSERTIONS = NO;
				ENABLE_STRICT_OBJC_MSGSEND = YES;
				GCC_C_LANGUAGE_STANDARD = gnu11;
				GCC_NO_COMMON_BLOCKS = YES;
				GCC_WARN_64_TO_32_BIT_CONVERSION = YES;
				GCC_WARN_ABOUT_RETURN_TYPE = YES_ERROR;
				GCC_WARN_UNDECLARED_SELECTOR = YES;
				GCC_WARN_UNINITIALIZED_AUTOS = YES_AGGRESSIVE;
				GCC_WARN_UNUSED_FUNCTION = YES;
				GCC_WARN_UNUSED_VARIABLE = YES;
				IPHONEOS_DEPLOYMENT_TARGET = 15.0;
				MTL_ENABLE_DEBUG_INFO = NO;
				MTL_FAST_MATH = YES;
				SDKROOT = iphoneos;
				SWIFT_COMPILATION_MODE = wholemodule;
				SWIFT_OPTIMIZATION_LEVEL = "-O";
				VALIDATE_PRODUCT = YES;
			};
			name = Release;
		};
		A524BE2E2ACDCF1200D3303E /* Debug */ = {
			isa = XCBuildConfiguration;
			buildSettings = {
				ASSETCATALOG_COMPILER_APPICON_NAME = AppIcon;
				ASSETCATALOG_COMPILER_GLOBAL_ACCENT_COLOR_NAME = AccentColor;
				CODE_SIGN_IDENTITY = "Apple Development";
				CODE_SIGN_STYLE = Automatic;
				CURRENT_PROJECT_VERSION = 1;
				DEVELOPMENT_TEAM = V4APKTMRAM;
				EMBED_ASSET_PACKS_IN_PRODUCT_BUNDLE = YES;
				GENERATE_INFOPLIST_FILE = YES;
				INFOPLIST_FILE = "Currency Widget/Info.plist";
				INFOPLIST_KEY_CFBundleDisplayName = "Currency Widget";
				INFOPLIST_KEY_LSApplicationCategoryType = "public.app-category.finance";
				INFOPLIST_KEY_UIApplicationSupportsIndirectInputEvents = YES;
				INFOPLIST_KEY_UILaunchStoryboardName = LaunchScreen.storyboard;
				INFOPLIST_KEY_UIStatusBarStyle = UIStatusBarStyleDarkContent;
				INFOPLIST_KEY_UISupportedInterfaceOrientations = "UIInterfaceOrientationPortrait UIInterfaceOrientationPortraitUpsideDown";
				INFOPLIST_KEY_UISupportedInterfaceOrientations_iPad = UIInterfaceOrientationPortrait;
				IPHONEOS_DEPLOYMENT_TARGET = 13.0;
				LD_RUNPATH_SEARCH_PATHS = (
					"$(inherited)",
					"@executable_path/Frameworks",
				);
				MARKETING_VERSION = 1.0;
				PRODUCT_BUNDLE_IDENTIFIER = "slm.Currency-Widget";
				PRODUCT_NAME = "$(TARGET_NAME)";
				PROVISIONING_PROFILE_SPECIFIER = "";
				SUPPORTED_PLATFORMS = "iphoneos iphonesimulator";
				SUPPORTS_MACCATALYST = NO;
				SUPPORTS_MAC_DESIGNED_FOR_IPHONE_IPAD = NO;
				SWIFT_EMIT_LOC_STRINGS = YES;
				SWIFT_VERSION = 5.0;
				TARGETED_DEVICE_FAMILY = 1;
			};
			name = Debug;
		};
		A524BE2F2ACDCF1200D3303E /* Release */ = {
			isa = XCBuildConfiguration;
			buildSettings = {
				ASSETCATALOG_COMPILER_APPICON_NAME = AppIcon;
				ASSETCATALOG_COMPILER_GLOBAL_ACCENT_COLOR_NAME = AccentColor;
				CODE_SIGN_IDENTITY = "Apple Development";
				CODE_SIGN_STYLE = Automatic;
				CURRENT_PROJECT_VERSION = 1;
				DEVELOPMENT_TEAM = V4APKTMRAM;
				EMBED_ASSET_PACKS_IN_PRODUCT_BUNDLE = YES;
				GENERATE_INFOPLIST_FILE = YES;
				INFOPLIST_FILE = "Currency Widget/Info.plist";
				INFOPLIST_KEY_CFBundleDisplayName = "Currency Widget";
				INFOPLIST_KEY_LSApplicationCategoryType = "public.app-category.finance";
				INFOPLIST_KEY_UIApplicationSupportsIndirectInputEvents = YES;
				INFOPLIST_KEY_UILaunchStoryboardName = LaunchScreen.storyboard;
				INFOPLIST_KEY_UIStatusBarStyle = UIStatusBarStyleDarkContent;
				INFOPLIST_KEY_UISupportedInterfaceOrientations = "UIInterfaceOrientationPortrait UIInterfaceOrientationPortraitUpsideDown";
				INFOPLIST_KEY_UISupportedInterfaceOrientations_iPad = UIInterfaceOrientationPortrait;
				IPHONEOS_DEPLOYMENT_TARGET = 13.0;
				LD_RUNPATH_SEARCH_PATHS = (
					"$(inherited)",
					"@executable_path/Frameworks",
				);
				MARKETING_VERSION = 1.0;
				PRODUCT_BUNDLE_IDENTIFIER = "slm.Currency-Widget";
				PRODUCT_NAME = "$(TARGET_NAME)";
				PROVISIONING_PROFILE_SPECIFIER = "";
				SUPPORTED_PLATFORMS = "iphoneos iphonesimulator";
				SUPPORTS_MACCATALYST = NO;
				SUPPORTS_MAC_DESIGNED_FOR_IPHONE_IPAD = NO;
				SWIFT_EMIT_LOC_STRINGS = YES;
				SWIFT_VERSION = 5.0;
				TARGETED_DEVICE_FAMILY = 1;
			};
			name = Release;
		};
/* End XCBuildConfiguration section */

/* Begin XCConfigurationList section */
		A524BE112ACDCF0E00D3303E /* Build configuration list for PBXProject "Currency Widget" */ = {
			isa = XCConfigurationList;
			buildConfigurations = (
				A524BE2B2ACDCF1200D3303E /* Debug */,
				A524BE2C2ACDCF1200D3303E /* Release */,
			);
			defaultConfigurationIsVisible = 0;
			defaultConfigurationName = Release;
		};
		A524BE2D2ACDCF1200D3303E /* Build configuration list for PBXNativeTarget "Currency Widget" */ = {
			isa = XCConfigurationList;
			buildConfigurations = (
				A524BE2E2ACDCF1200D3303E /* Debug */,
				A524BE2F2ACDCF1200D3303E /* Release */,
			);
			defaultConfigurationIsVisible = 0;
			defaultConfigurationName = Release;
		};
/* End XCConfigurationList section */

/* Begin XCVersionGroup section */
		A524BE222ACDCF0E00D3303E /* Currency_Widget.xcdatamodeld */ = {
			isa = XCVersionGroup;
			children = (
				A524BE232ACDCF0E00D3303E /* Currency_Widget.xcdatamodel */,
			);
			currentVersion = A524BE232ACDCF0E00D3303E /* Currency_Widget.xcdatamodel */;
			path = Currency_Widget.xcdatamodeld;
			sourceTree = "<group>";
			versionGroupType = wrapper.xcdatamodel;
		};
/* End XCVersionGroup section */
	};
	rootObject = A524BE0E2ACDCF0E00D3303E /* Project object */;
}
