// !$*UTF8*$!
{
	archiveVersion = 1;
	classes = {
	};
	objectVersion = 56;
	objects = {

/* Begin PBXBuildFile section */
		A50A21282AEA83AA00BBF543 /* CurrencyFetcher.swift in Sources */ = {isa = PBXBuildFile; fileRef = A50A21272AEA83AA00BBF543 /* CurrencyFetcher.swift */; };
		A50A212A2AEA841000BBF543 /* Currency.swift in Sources */ = {isa = PBXBuildFile; fileRef = A50A21292AEA841000BBF543 /* Currency.swift */; };
		A524BE1A2ACDCF0E00D3303E /* AppDelegate.swift in Sources */ = {isa = PBXBuildFile; fileRef = A524BE192ACDCF0E00D3303E /* AppDelegate.swift */; };
		A524BE1C2ACDCF0E00D3303E /* SceneDelegate.swift in Sources */ = {isa = PBXBuildFile; fileRef = A524BE1B2ACDCF0E00D3303E /* SceneDelegate.swift */; };
		A524BE1E2ACDCF0E00D3303E /* MainViewController.swift in Sources */ = {isa = PBXBuildFile; fileRef = A524BE1D2ACDCF0E00D3303E /* MainViewController.swift */; };
		A524BE242ACDCF0E00D3303E /* Currency_Widget.xcdatamodeld in Sources */ = {isa = PBXBuildFile; fileRef = A524BE222ACDCF0E00D3303E /* Currency_Widget.xcdatamodeld */; };
		A524BE262ACDCF1200D3303E /* Assets.xcassets in Resources */ = {isa = PBXBuildFile; fileRef = A524BE252ACDCF1200D3303E /* Assets.xcassets */; };
		A524BE292ACDCF1200D3303E /* LaunchScreen.storyboard in Resources */ = {isa = PBXBuildFile; fileRef = A524BE272ACDCF1200D3303E /* LaunchScreen.storyboard */; };
		A524BE322ACDDF0400D3303E /* MainNavigationBar.swift in Sources */ = {isa = PBXBuildFile; fileRef = A524BE312ACDDF0400D3303E /* MainNavigationBar.swift */; };
		A5263DE92B05589100CAC378 /* TabBarViewController.swift in Sources */ = {isa = PBXBuildFile; fileRef = A5263DE82B05589100CAC378 /* TabBarViewController.swift */; };
		A538C7712B025ACE007F2145 /* HeaderView.swift in Sources */ = {isa = PBXBuildFile; fileRef = A538C7702B025ACD007F2145 /* HeaderView.swift */; };
		A54203922AF110C400A586D7 /* CurrencyPair.swift in Sources */ = {isa = PBXBuildFile; fileRef = A54203912AF110C400A586D7 /* CurrencyPair.swift */; };
		A54203952AF113A200A586D7 /* CurrencyListViewModel.swift in Sources */ = {isa = PBXBuildFile; fileRef = A54203942AF113A200A586D7 /* CurrencyListViewModel.swift */; };
		A547B2C92B03985B008747A2 /* ExchangeViewController.swift in Sources */ = {isa = PBXBuildFile; fileRef = A547B2C82B03985B008747A2 /* ExchangeViewController.swift */; };
		A547B2D52B039BD7008747A2 /* EnterCurrencyView.swift in Sources */ = {isa = PBXBuildFile; fileRef = A547B2D42B039BD7008747A2 /* EnterCurrencyView.swift */; };
		A589C77A2ACF0B95001ABF2C /* Theme.swift in Sources */ = {isa = PBXBuildFile; fileRef = A589C7792ACF0B95001ABF2C /* Theme.swift */; };
		A589C77D2ACF0F56001ABF2C /* TilesUIViewController.swift in Sources */ = {isa = PBXBuildFile; fileRef = A589C77C2ACF0F56001ABF2C /* TilesUIViewController.swift */; };
		A589C77F2ACF3926001ABF2C /* AddTileUIView.swift in Sources */ = {isa = PBXBuildFile; fileRef = A589C77E2ACF3926001ABF2C /* AddTileUIView.swift */; };
		A5D6DA872AD6F5FA00E3D4F4 /* Tile3x2CollectionViewCell.swift in Sources */ = {isa = PBXBuildFile; fileRef = A5D6DA862AD6F5FA00E3D4F4 /* Tile3x2CollectionViewCell.swift */; };
		A5D6DA892AD97FFF00E3D4F4 /* Tile1x2CollectionViewCell.swift in Sources */ = {isa = PBXBuildFile; fileRef = A5D6DA882AD97FFF00E3D4F4 /* Tile1x2CollectionViewCell.swift */; };
/* End PBXBuildFile section */

/* Begin PBXContainerItemProxy section */
		A54203A72AF119BC00A586D7 /* PBXContainerItemProxy */ = {
			isa = PBXContainerItemProxy;
			containerPortal = A542039A2AF119BA00A586D7 /* Rx.xcodeproj */;
			proxyType = 2;
			remoteGlobalIDString = C8A56AD71AD7424700B4673B;
			remoteInfo = RxSwift;
		};
		A54203A92AF119BC00A586D7 /* PBXContainerItemProxy */ = {
			isa = PBXContainerItemProxy;
			containerPortal = A542039A2AF119BA00A586D7 /* Rx.xcodeproj */;
			proxyType = 2;
			remoteGlobalIDString = C809396D1B8A71760088E94D;
			remoteInfo = RxCocoa;
		};
		A54203AB2AF119BC00A586D7 /* PBXContainerItemProxy */ = {
			isa = PBXContainerItemProxy;
			containerPortal = A542039A2AF119BA00A586D7 /* Rx.xcodeproj */;
			proxyType = 2;
			remoteGlobalIDString = A2897D53225CA1E7004EA481;
			remoteInfo = RxRelay;
		};
		A54203AD2AF119BC00A586D7 /* PBXContainerItemProxy */ = {
			isa = PBXContainerItemProxy;
			containerPortal = A542039A2AF119BA00A586D7 /* Rx.xcodeproj */;
			proxyType = 2;
			remoteGlobalIDString = C8093BC71B8A71F00088E94D;
			remoteInfo = RxBlocking;
		};
		A54203AF2AF119BC00A586D7 /* PBXContainerItemProxy */ = {
			isa = PBXContainerItemProxy;
			containerPortal = A542039A2AF119BA00A586D7 /* Rx.xcodeproj */;
			proxyType = 2;
			remoteGlobalIDString = C88FA50C1C25C44800CCFEA4;
			remoteInfo = RxTest;
		};
		A54203B12AF119BC00A586D7 /* PBXContainerItemProxy */ = {
			isa = PBXContainerItemProxy;
			containerPortal = A542039A2AF119BA00A586D7 /* Rx.xcodeproj */;
			proxyType = 2;
			remoteGlobalIDString = C83508C31C386F6F0027C24C;
			remoteInfo = "AllTests-iOS";
		};
		A54203B32AF119BC00A586D7 /* PBXContainerItemProxy */ = {
			isa = PBXContainerItemProxy;
			containerPortal = A542039A2AF119BA00A586D7 /* Rx.xcodeproj */;
			proxyType = 2;
			remoteGlobalIDString = C83509841C38740E0027C24C;
			remoteInfo = "AllTests-tvOS";
		};
		A54203B52AF119BC00A586D7 /* PBXContainerItemProxy */ = {
			isa = PBXContainerItemProxy;
			containerPortal = A542039A2AF119BA00A586D7 /* Rx.xcodeproj */;
			proxyType = 2;
			remoteGlobalIDString = C83509941C38742C0027C24C;
			remoteInfo = "AllTests-macOS";
		};
		A54203B72AF119BC00A586D7 /* PBXContainerItemProxy */ = {
			isa = PBXContainerItemProxy;
			containerPortal = A542039A2AF119BA00A586D7 /* Rx.xcodeproj */;
			proxyType = 2;
			remoteGlobalIDString = C85BA04B1C3878740075D68E;
			remoteInfo = Microoptimizations;
		};
		A54203B92AF119BC00A586D7 /* PBXContainerItemProxy */ = {
			isa = PBXContainerItemProxy;
			containerPortal = A542039A2AF119BA00A586D7 /* Rx.xcodeproj */;
			proxyType = 2;
			remoteGlobalIDString = C8E8BA551E2C181A00A4AC2C;
			remoteInfo = Benchmarks;
		};
/* End PBXContainerItemProxy section */

/* Begin PBXCopyFilesBuildPhase section */
		A54203992AF118D000A586D7 /* Embed Frameworks */ = {
			isa = PBXCopyFilesBuildPhase;
			buildActionMask = 2147483647;
			dstPath = "";
			dstSubfolderSpec = 10;
			files = (
			);
			name = "Embed Frameworks";
			runOnlyForDeploymentPostprocessing = 0;
		};
/* End PBXCopyFilesBuildPhase section */

/* Begin PBXFileReference section */
		23FCE253ECAF2B4A292CA6E0 /* Pods-Currency Widget.debug.xcconfig */ = {isa = PBXFileReference; includeInIndex = 1; lastKnownFileType = text.xcconfig; name = "Pods-Currency Widget.debug.xcconfig"; path = "Target Support Files/Pods-Currency Widget/Pods-Currency Widget.debug.xcconfig"; sourceTree = "<group>"; };
		62F2FB7E1FDAD2B2502DC6C1 /* Pods-Currency Widget.release.xcconfig */ = {isa = PBXFileReference; includeInIndex = 1; lastKnownFileType = text.xcconfig; name = "Pods-Currency Widget.release.xcconfig"; path = "Target Support Files/Pods-Currency Widget/Pods-Currency Widget.release.xcconfig"; sourceTree = "<group>"; };
		A50A21272AEA83AA00BBF543 /* CurrencyFetcher.swift */ = {isa = PBXFileReference; lastKnownFileType = sourcecode.swift; path = CurrencyFetcher.swift; sourceTree = "<group>"; };
		A50A21292AEA841000BBF543 /* Currency.swift */ = {isa = PBXFileReference; lastKnownFileType = sourcecode.swift; path = Currency.swift; sourceTree = "<group>"; };
		A524BE162ACDCF0E00D3303E /* Currency Widget.app */ = {isa = PBXFileReference; explicitFileType = wrapper.application; includeInIndex = 0; path = "Currency Widget.app"; sourceTree = BUILT_PRODUCTS_DIR; };
		A524BE192ACDCF0E00D3303E /* AppDelegate.swift */ = {isa = PBXFileReference; lastKnownFileType = sourcecode.swift; path = AppDelegate.swift; sourceTree = "<group>"; };
		A524BE1B2ACDCF0E00D3303E /* SceneDelegate.swift */ = {isa = PBXFileReference; lastKnownFileType = sourcecode.swift; path = SceneDelegate.swift; sourceTree = "<group>"; };
		A524BE1D2ACDCF0E00D3303E /* MainViewController.swift */ = {isa = PBXFileReference; lastKnownFileType = sourcecode.swift; path = MainViewController.swift; sourceTree = "<group>"; };
		A524BE232ACDCF0E00D3303E /* Currency_Widget.xcdatamodel */ = {isa = PBXFileReference; lastKnownFileType = wrapper.xcdatamodel; path = Currency_Widget.xcdatamodel; sourceTree = "<group>"; };
		A524BE252ACDCF1200D3303E /* Assets.xcassets */ = {isa = PBXFileReference; lastKnownFileType = folder.assetcatalog; path = Assets.xcassets; sourceTree = "<group>"; };
		A524BE282ACDCF1200D3303E /* Base */ = {isa = PBXFileReference; lastKnownFileType = file.storyboard; name = Base; path = Base.lproj/LaunchScreen.storyboard; sourceTree = "<group>"; };
		A524BE2A2ACDCF1200D3303E /* Info.plist */ = {isa = PBXFileReference; lastKnownFileType = text.plist.xml; path = Info.plist; sourceTree = "<group>"; };
		A524BE312ACDDF0400D3303E /* MainNavigationBar.swift */ = {isa = PBXFileReference; lastKnownFileType = sourcecode.swift; path = MainNavigationBar.swift; sourceTree = "<group>"; };
		A5263DE82B05589100CAC378 /* TabBarViewController.swift */ = {isa = PBXFileReference; lastKnownFileType = sourcecode.swift; path = TabBarViewController.swift; sourceTree = "<group>"; };
		A538C7702B025ACD007F2145 /* HeaderView.swift */ = {isa = PBXFileReference; lastKnownFileType = sourcecode.swift; path = HeaderView.swift; sourceTree = "<group>"; };
		A54203912AF110C400A586D7 /* CurrencyPair.swift */ = {isa = PBXFileReference; lastKnownFileType = sourcecode.swift; path = CurrencyPair.swift; sourceTree = "<group>"; };
		A54203942AF113A200A586D7 /* CurrencyListViewModel.swift */ = {isa = PBXFileReference; lastKnownFileType = sourcecode.swift; path = CurrencyListViewModel.swift; sourceTree = "<group>"; };
		A542039A2AF119BA00A586D7 /* Rx.xcodeproj */ = {isa = PBXFileReference; lastKnownFileType = "wrapper.pb-project"; name = Rx.xcodeproj; path = Carthage/Checkouts/RxSwift/Rx.xcodeproj; sourceTree = "<group>"; };
		A547B2C82B03985B008747A2 /* ExchangeViewController.swift */ = {isa = PBXFileReference; lastKnownFileType = sourcecode.swift; path = ExchangeViewController.swift; sourceTree = "<group>"; };
		A547B2D42B039BD7008747A2 /* EnterCurrencyView.swift */ = {isa = PBXFileReference; lastKnownFileType = sourcecode.swift; path = EnterCurrencyView.swift; sourceTree = "<group>"; };
		A589C7792ACF0B95001ABF2C /* Theme.swift */ = {isa = PBXFileReference; lastKnownFileType = sourcecode.swift; path = Theme.swift; sourceTree = "<group>"; };
		A589C77C2ACF0F56001ABF2C /* TilesUIViewController.swift */ = {isa = PBXFileReference; lastKnownFileType = sourcecode.swift; path = TilesUIViewController.swift; sourceTree = "<group>"; };
		A589C77E2ACF3926001ABF2C /* AddTileUIView.swift */ = {isa = PBXFileReference; lastKnownFileType = sourcecode.swift; path = AddTileUIView.swift; sourceTree = "<group>"; };
		A5D6DA862AD6F5FA00E3D4F4 /* Tile3x2CollectionViewCell.swift */ = {isa = PBXFileReference; lastKnownFileType = sourcecode.swift; path = Tile3x2CollectionViewCell.swift; sourceTree = "<group>"; };
		A5D6DA882AD97FFF00E3D4F4 /* Tile1x2CollectionViewCell.swift */ = {isa = PBXFileReference; lastKnownFileType = sourcecode.swift; path = Tile1x2CollectionViewCell.swift; sourceTree = "<group>"; };
/* End PBXFileReference section */

/* Begin PBXFrameworksBuildPhase section */
		A524BE132ACDCF0E00D3303E /* Frameworks */ = {
			isa = PBXFrameworksBuildPhase;
			buildActionMask = 2147483647;
			files = (
			);
			runOnlyForDeploymentPostprocessing = 0;
		};
/* End PBXFrameworksBuildPhase section */

/* Begin PBXGroup section */
		0EBDEC8AB9C9B0699EC1C21F /* Pods */ = {
			isa = PBXGroup;
			children = (
				23FCE253ECAF2B4A292CA6E0 /* Pods-Currency Widget.debug.xcconfig */,
				62F2FB7E1FDAD2B2502DC6C1 /* Pods-Currency Widget.release.xcconfig */,
			);
			path = Pods;
			sourceTree = "<group>";
		};
		96B66AFD1AD3FE400ABB0367 /* Frameworks */ = {
			isa = PBXGroup;
			children = (
				A542039A2AF119BA00A586D7 /* Rx.xcodeproj */,
			);
			name = Frameworks;
			sourceTree = "<group>";
		};
		A50A21262AEA838000BBF543 /* Workers */ = {
			isa = PBXGroup;
			children = (
				A50A21272AEA83AA00BBF543 /* CurrencyFetcher.swift */,
			);
			path = Workers;
			sourceTree = "<group>";
		};
		A524BE0D2ACDCF0E00D3303E = {
			isa = PBXGroup;
			children = (
				A524BE182ACDCF0E00D3303E /* Currency Widget */,
				A524BE172ACDCF0E00D3303E /* Products */,
				0EBDEC8AB9C9B0699EC1C21F /* Pods */,
				96B66AFD1AD3FE400ABB0367 /* Frameworks */,
			);
			sourceTree = "<group>";
		};
		A524BE172ACDCF0E00D3303E /* Products */ = {
			isa = PBXGroup;
			children = (
				A524BE162ACDCF0E00D3303E /* Currency Widget.app */,
			);
			name = Products;
			sourceTree = "<group>";
		};
		A524BE182ACDCF0E00D3303E /* Currency Widget */ = {
			isa = PBXGroup;
			children = (
				A50A21262AEA838000BBF543 /* Workers */,
				A5D6DA852AD6CE7C00E3D4F4 /* Global Models */,
				A524BE192ACDCF0E00D3303E /* AppDelegate.swift */,
				A524BE1B2ACDCF0E00D3303E /* SceneDelegate.swift */,
				A589C7792ACF0B95001ABF2C /* Theme.swift */,
				A589C77B2ACF0EC0001ABF2C /* MainViewController */,
				A524BE252ACDCF1200D3303E /* Assets.xcassets */,
				A524BE272ACDCF1200D3303E /* LaunchScreen.storyboard */,
				A524BE2A2ACDCF1200D3303E /* Info.plist */,
				A524BE222ACDCF0E00D3303E /* Currency_Widget.xcdatamodeld */,
				A5263DE82B05589100CAC378 /* TabBarViewController.swift */,
			);
			path = "Currency Widget";
			sourceTree = "<group>";
		};
		A54203902AF110A300A586D7 /* Models */ = {
			isa = PBXGroup;
			children = (
				A54203942AF113A200A586D7 /* CurrencyListViewModel.swift */,
				A54203912AF110C400A586D7 /* CurrencyPair.swift */,
			);
			path = Models;
			sourceTree = "<group>";
		};
		A54203932AF1134D00A586D7 /* Views */ = {
			isa = PBXGroup;
			children = (
				A524BE312ACDDF0400D3303E /* MainNavigationBar.swift */,
				A589C77E2ACF3926001ABF2C /* AddTileUIView.swift */,
				A5D6DA862AD6F5FA00E3D4F4 /* Tile3x2CollectionViewCell.swift */,
				A5D6DA882AD97FFF00E3D4F4 /* Tile1x2CollectionViewCell.swift */,
				A538C7702B025ACD007F2145 /* HeaderView.swift */,
				A547B2D42B039BD7008747A2 /* EnterCurrencyView.swift */,
			);
			path = Views;
			sourceTree = "<group>";
		};
		A542039B2AF119BA00A586D7 /* Products */ = {
			isa = PBXGroup;
			children = (
				A54203A82AF119BC00A586D7 /* RxSwift.framework */,
				A54203AA2AF119BC00A586D7 /* RxCocoa.framework */,
				A54203AC2AF119BC00A586D7 /* RxRelay.framework */,
				A54203AE2AF119BC00A586D7 /* RxBlocking.framework */,
				A54203B02AF119BC00A586D7 /* RxTest.framework */,
				A54203B22AF119BC00A586D7 /* AllTests-iOS.xctest */,
				A54203B42AF119BC00A586D7 /* AllTests-tvOS.xctest */,
				A54203B62AF119BC00A586D7 /* AllTests-macOS.xctest */,
				A54203B82AF119BC00A586D7 /* PerformanceTests.app */,
				A54203BA2AF119BC00A586D7 /* Benchmarks.xctest */,
			);
			name = Products;
			sourceTree = "<group>";
		};
		A589C77B2ACF0EC0001ABF2C /* MainViewController */ = {
			isa = PBXGroup;
			children = (
				A54203932AF1134D00A586D7 /* Views */,
				A54203902AF110A300A586D7 /* Models */,
				A524BE1D2ACDCF0E00D3303E /* MainViewController.swift */,
				A589C77C2ACF0F56001ABF2C /* TilesUIViewController.swift */,
				A547B2C82B03985B008747A2 /* ExchangeViewController.swift */,
			);
			path = MainViewController;
			sourceTree = "<group>";
		};
		A5D6DA852AD6CE7C00E3D4F4 /* Global Models */ = {
			isa = PBXGroup;
			children = (
				A50A21292AEA841000BBF543 /* Currency.swift */,
			);
			path = "Global Models";
			sourceTree = "<group>";
		};
/* End PBXGroup section */

/* Begin PBXNativeTarget section */
		A524BE152ACDCF0E00D3303E /* Currency Widget */ = {
			isa = PBXNativeTarget;
			buildConfigurationList = A524BE2D2ACDCF1200D3303E /* Build configuration list for PBXNativeTarget "Currency Widget" */;
			buildPhases = (
				4BD15B21CDFAB01997EA884E /* [CP] Check Pods Manifest.lock */,
				A524BE122ACDCF0E00D3303E /* Sources */,
				A524BE132ACDCF0E00D3303E /* Frameworks */,
				A524BE142ACDCF0E00D3303E /* Resources */,
				DFC8C1A33A0A13F1E9542F78 /* [CP] Embed Pods Frameworks */,
				A54203992AF118D000A586D7 /* Embed Frameworks */,
			);
			buildRules = (
			);
			dependencies = (
			);
			name = "Currency Widget";
			productName = "Currency Widget";
			productReference = A524BE162ACDCF0E00D3303E /* Currency Widget.app */;
			productType = "com.apple.product-type.application";
		};
/* End PBXNativeTarget section */

/* Begin PBXProject section */
		A524BE0E2ACDCF0E00D3303E /* Project object */ = {
			isa = PBXProject;
			attributes = {
				BuildIndependentTargetsInParallel = 1;
				LastSwiftUpdateCheck = 1430;
				LastUpgradeCheck = 1430;
				TargetAttributes = {
					A524BE152ACDCF0E00D3303E = {
						CreatedOnToolsVersion = 14.3;
					};
				};
			};
			buildConfigurationList = A524BE112ACDCF0E00D3303E /* Build configuration list for PBXProject "Currency Widget" */;
			compatibilityVersion = "Xcode 14.0";
			developmentRegion = en;
			hasScannedForEncodings = 0;
			knownRegions = (
				en,
				Base,
			);
			mainGroup = A524BE0D2ACDCF0E00D3303E;
			productRefGroup = A524BE172ACDCF0E00D3303E /* Products */;
			projectDirPath = "";
			projectReferences = (
				{
					ProductGroup = A542039B2AF119BA00A586D7 /* Products */;
					ProjectRef = A542039A2AF119BA00A586D7 /* Rx.xcodeproj */;
				},
			);
			projectRoot = "";
			targets = (
				A524BE152ACDCF0E00D3303E /* Currency Widget */,
			);
		};
/* End PBXProject section */

/* Begin PBXReferenceProxy section */
		A54203A82AF119BC00A586D7 /* RxSwift.framework */ = {
			isa = PBXReferenceProxy;
			fileType = wrapper.framework;
			path = RxSwift.framework;
			remoteRef = A54203A72AF119BC00A586D7 /* PBXContainerItemProxy */;
			sourceTree = BUILT_PRODUCTS_DIR;
		};
		A54203AA2AF119BC00A586D7 /* RxCocoa.framework */ = {
			isa = PBXReferenceProxy;
			fileType = wrapper.framework;
			path = RxCocoa.framework;
			remoteRef = A54203A92AF119BC00A586D7 /* PBXContainerItemProxy */;
			sourceTree = BUILT_PRODUCTS_DIR;
		};
		A54203AC2AF119BC00A586D7 /* RxRelay.framework */ = {
			isa = PBXReferenceProxy;
			fileType = wrapper.framework;
			path = RxRelay.framework;
			remoteRef = A54203AB2AF119BC00A586D7 /* PBXContainerItemProxy */;
			sourceTree = BUILT_PRODUCTS_DIR;
		};
		A54203AE2AF119BC00A586D7 /* RxBlocking.framework */ = {
			isa = PBXReferenceProxy;
			fileType = wrapper.framework;
			path = RxBlocking.framework;
			remoteRef = A54203AD2AF119BC00A586D7 /* PBXContainerItemProxy */;
			sourceTree = BUILT_PRODUCTS_DIR;
		};
		A54203B02AF119BC00A586D7 /* RxTest.framework */ = {
			isa = PBXReferenceProxy;
			fileType = wrapper.framework;
			path = RxTest.framework;
			remoteRef = A54203AF2AF119BC00A586D7 /* PBXContainerItemProxy */;
			sourceTree = BUILT_PRODUCTS_DIR;
		};
		A54203B22AF119BC00A586D7 /* AllTests-iOS.xctest */ = {
			isa = PBXReferenceProxy;
			fileType = wrapper.cfbundle;
			path = "AllTests-iOS.xctest";
			remoteRef = A54203B12AF119BC00A586D7 /* PBXContainerItemProxy */;
			sourceTree = BUILT_PRODUCTS_DIR;
		};
		A54203B42AF119BC00A586D7 /* AllTests-tvOS.xctest */ = {
			isa = PBXReferenceProxy;
			fileType = wrapper.cfbundle;
			path = "AllTests-tvOS.xctest";
			remoteRef = A54203B32AF119BC00A586D7 /* PBXContainerItemProxy */;
			sourceTree = BUILT_PRODUCTS_DIR;
		};
		A54203B62AF119BC00A586D7 /* AllTests-macOS.xctest */ = {
			isa = PBXReferenceProxy;
			fileType = wrapper.cfbundle;
			path = "AllTests-macOS.xctest";
			remoteRef = A54203B52AF119BC00A586D7 /* PBXContainerItemProxy */;
			sourceTree = BUILT_PRODUCTS_DIR;
		};
		A54203B82AF119BC00A586D7 /* PerformanceTests.app */ = {
			isa = PBXReferenceProxy;
			fileType = wrapper.application;
			name = PerformanceTests.app;
			path = Microoptimizations.app;
			remoteRef = A54203B72AF119BC00A586D7 /* PBXContainerItemProxy */;
			sourceTree = BUILT_PRODUCTS_DIR;
		};
		A54203BA2AF119BC00A586D7 /* Benchmarks.xctest */ = {
			isa = PBXReferenceProxy;
			fileType = wrapper.cfbundle;
			path = Benchmarks.xctest;
			remoteRef = A54203B92AF119BC00A586D7 /* PBXContainerItemProxy */;
			sourceTree = BUILT_PRODUCTS_DIR;
		};
/* End PBXReferenceProxy section */

/* Begin PBXResourcesBuildPhase section */
		A524BE142ACDCF0E00D3303E /* Resources */ = {
			isa = PBXResourcesBuildPhase;
			buildActionMask = 2147483647;
			files = (
				A524BE292ACDCF1200D3303E /* LaunchScreen.storyboard in Resources */,
				A524BE262ACDCF1200D3303E /* Assets.xcassets in Resources */,
			);
			runOnlyForDeploymentPostprocessing = 0;
		};
/* End PBXResourcesBuildPhase section */

/* Begin PBXShellScriptBuildPhase section */
		4BD15B21CDFAB01997EA884E /* [CP] Check Pods Manifest.lock */ = {
			isa = PBXShellScriptBuildPhase;
			buildActionMask = 2147483647;
			files = (
			);
			inputFileListPaths = (
			);
			inputPaths = (
				"${PODS_PODFILE_DIR_PATH}/Podfile.lock",
				"${PODS_ROOT}/Manifest.lock",
			);
			name = "[CP] Check Pods Manifest.lock";
			outputFileListPaths = (
			);
			outputPaths = (
				"$(DERIVED_FILE_DIR)/Pods-Currency Widget-checkManifestLockResult.txt",
			);
			runOnlyForDeploymentPostprocessing = 0;
			shellPath = /bin/sh;
			shellScript = "diff \"${PODS_PODFILE_DIR_PATH}/Podfile.lock\" \"${PODS_ROOT}/Manifest.lock\" > /dev/null\nif [ $? != 0 ] ; then\n    # print error to STDERR\n    echo \"error: The sandbox is not in sync with the Podfile.lock. Run 'pod install' or update your CocoaPods installation.\" >&2\n    exit 1\nfi\n# This output is used by Xcode 'outputs' to avoid re-running this script phase.\necho \"SUCCESS\" > \"${SCRIPT_OUTPUT_FILE_0}\"\n";
			showEnvVarsInLog = 0;
		};
		DFC8C1A33A0A13F1E9542F78 /* [CP] Embed Pods Frameworks */ = {
			isa = PBXShellScriptBuildPhase;
			buildActionMask = 2147483647;
			files = (
			);
			inputFileListPaths = (
				"${PODS_ROOT}/Target Support Files/Pods-Currency Widget/Pods-Currency Widget-frameworks-${CONFIGURATION}-input-files.xcfilelist",
			);
			name = "[CP] Embed Pods Frameworks";
			outputFileListPaths = (
				"${PODS_ROOT}/Target Support Files/Pods-Currency Widget/Pods-Currency Widget-frameworks-${CONFIGURATION}-output-files.xcfilelist",
			);
			runOnlyForDeploymentPostprocessing = 0;
			shellPath = /bin/sh;
			shellScript = "\"${PODS_ROOT}/Target Support Files/Pods-Currency Widget/Pods-Currency Widget-frameworks.sh\"\n";
			showEnvVarsInLog = 0;
		};
/* End PBXShellScriptBuildPhase section */

/* Begin PBXSourcesBuildPhase section */
		A524BE122ACDCF0E00D3303E /* Sources */ = {
			isa = PBXSourcesBuildPhase;
			buildActionMask = 2147483647;
			files = (
				A50A212A2AEA841000BBF543 /* Currency.swift in Sources */,
				A524BE1E2ACDCF0E00D3303E /* MainViewController.swift in Sources */,
				A54203922AF110C400A586D7 /* CurrencyPair.swift in Sources */,
				A589C77D2ACF0F56001ABF2C /* TilesUIViewController.swift in Sources */,
				A5D6DA872AD6F5FA00E3D4F4 /* Tile3x2CollectionViewCell.swift in Sources */,
				A524BE1A2ACDCF0E00D3303E /* AppDelegate.swift in Sources */,
				A54203952AF113A200A586D7 /* CurrencyListViewModel.swift in Sources */,
				A5263DE92B05589100CAC378 /* TabBarViewController.swift in Sources */,
				A524BE322ACDDF0400D3303E /* MainNavigationBar.swift in Sources */,
				A589C77A2ACF0B95001ABF2C /* Theme.swift in Sources */,
				A524BE242ACDCF0E00D3303E /* Currency_Widget.xcdatamodeld in Sources */,
				A538C7712B025ACE007F2145 /* HeaderView.swift in Sources */,
				A547B2C92B03985B008747A2 /* ExchangeViewController.swift in Sources */,
				A5D6DA892AD97FFF00E3D4F4 /* Tile1x2CollectionViewCell.swift in Sources */,
				A589C77F2ACF3926001ABF2C /* AddTileUIView.swift in Sources */,
				A50A21282AEA83AA00BBF543 /* CurrencyFetcher.swift in Sources */,
				A547B2D52B039BD7008747A2 /* EnterCurrencyView.swift in Sources */,
				A524BE1C2ACDCF0E00D3303E /* SceneDelegate.swift in Sources */,
			);
			runOnlyForDeploymentPostprocessing = 0;
		};
/* End PBXSourcesBuildPhase section */

/* Begin PBXVariantGroup section */
		A524BE272ACDCF1200D3303E /* LaunchScreen.storyboard */ = {
			isa = PBXVariantGroup;
			children = (
				A524BE282ACDCF1200D3303E /* Base */,
			);
			name = LaunchScreen.storyboard;
			sourceTree = "<group>";
		};
/* End PBXVariantGroup section */

/* Begin XCBuildConfiguration section */
		A524BE2B2ACDCF1200D3303E /* Debug */ = {
			isa = XCBuildConfiguration;
			buildSettings = {
				ALWAYS_SEARCH_USER_PATHS = NO;
				CLANG_ANALYZER_NONNULL = YES;
				CLANG_ANALYZER_NUMBER_OBJECT_CONVERSION = YES_AGGRESSIVE;
				CLANG_CXX_LANGUAGE_STANDARD = "gnu++20";
				CLANG_ENABLE_MODULES = YES;
				CLANG_ENABLE_OBJC_ARC = YES;
				CLANG_ENABLE_OBJC_WEAK = YES;
				CLANG_WARN_BLOCK_CAPTURE_AUTORELEASING = YES;
				CLANG_WARN_BOOL_CONVERSION = YES;
				CLANG_WARN_COMMA = YES;
				CLANG_WARN_CONSTANT_CONVERSION = YES;
				CLANG_WARN_DEPRECATED_OBJC_IMPLEMENTATIONS = YES;
				CLANG_WARN_DIRECT_OBJC_ISA_USAGE = YES_ERROR;
				CLANG_WARN_DOCUMENTATION_COMMENTS = YES;
				CLANG_WARN_EMPTY_BODY = YES;
				CLANG_WARN_ENUM_CONVERSION = YES;
				CLANG_WARN_INFINITE_RECURSION = YES;
				CLANG_WARN_INT_CONVERSION = YES;
				CLANG_WARN_NON_LITERAL_NULL_CONVERSION = YES;
				CLANG_WARN_OBJC_IMPLICIT_RETAIN_SELF = YES;
				CLANG_WARN_OBJC_LITERAL_CONVERSION = YES;
				CLANG_WARN_OBJC_ROOT_CLASS = YES_ERROR;
				CLANG_WARN_QUOTED_INCLUDE_IN_FRAMEWORK_HEADER = YES;
				CLANG_WARN_RANGE_LOOP_ANALYSIS = YES;
				CLANG_WARN_STRICT_PROTOTYPES = YES;
				CLANG_WARN_SUSPICIOUS_MOVE = YES;
				CLANG_WARN_UNGUARDED_AVAILABILITY = YES_AGGRESSIVE;
				CLANG_WARN_UNREACHABLE_CODE = YES;
				CLANG_WARN__DUPLICATE_METHOD_MATCH = YES;
				COPY_PHASE_STRIP = NO;
				DEBUG_INFORMATION_FORMAT = dwarf;
				ENABLE_STRICT_OBJC_MSGSEND = YES;
				ENABLE_TESTABILITY = YES;
				GCC_C_LANGUAGE_STANDARD = gnu11;
				GCC_DYNAMIC_NO_PIC = NO;
				GCC_NO_COMMON_BLOCKS = YES;
				GCC_OPTIMIZATION_LEVEL = 0;
				GCC_PREPROCESSOR_DEFINITIONS = (
					"DEBUG=1",
					"$(inherited)",
				);
				GCC_WARN_64_TO_32_BIT_CONVERSION = YES;
				GCC_WARN_ABOUT_RETURN_TYPE = YES_ERROR;
				GCC_WARN_UNDECLARED_SELECTOR = YES;
				GCC_WARN_UNINITIALIZED_AUTOS = YES_AGGRESSIVE;
				GCC_WARN_UNUSED_FUNCTION = YES;
				GCC_WARN_UNUSED_VARIABLE = YES;
				IPHONEOS_DEPLOYMENT_TARGET = 16.4;
				MTL_ENABLE_DEBUG_INFO = INCLUDE_SOURCE;
				MTL_FAST_MATH = YES;
				ONLY_ACTIVE_ARCH = YES;
				SDKROOT = iphoneos;
				SWIFT_ACTIVE_COMPILATION_CONDITIONS = DEBUG;
				SWIFT_OPTIMIZATION_LEVEL = "-Onone";
			};
			name = Debug;
		};
		A524BE2C2ACDCF1200D3303E /* Release */ = {
			isa = XCBuildConfiguration;
			buildSettings = {
				ALWAYS_SEARCH_USER_PATHS = NO;
				CLANG_ANALYZER_NONNULL = YES;
				CLANG_ANALYZER_NUMBER_OBJECT_CONVERSION = YES_AGGRESSIVE;
				CLANG_CXX_LANGUAGE_STANDARD = "gnu++20";
				CLANG_ENABLE_MODULES = YES;
				CLANG_ENABLE_OBJC_ARC = YES;
				CLANG_ENABLE_OBJC_WEAK = YES;
				CLANG_WARN_BLOCK_CAPTURE_AUTORELEASING = YES;
				CLANG_WARN_BOOL_CONVERSION = YES;
				CLANG_WARN_COMMA = YES;
				CLANG_WARN_CONSTANT_CONVERSION = YES;
				CLANG_WARN_DEPRECATED_OBJC_IMPLEMENTATIONS = YES;
				CLANG_WARN_DIRECT_OBJC_ISA_USAGE = YES_ERROR;
				CLANG_WARN_DOCUMENTATION_COMMENTS = YES;
				CLANG_WARN_EMPTY_BODY = YES;
				CLANG_WARN_ENUM_CONVERSION = YES;
				CLANG_WARN_INFINITE_RECURSION = YES;
				CLANG_WARN_INT_CONVERSION = YES;
				CLANG_WARN_NON_LITERAL_NULL_CONVERSION = YES;
				CLANG_WARN_OBJC_IMPLICIT_RETAIN_SELF = YES;
				CLANG_WARN_OBJC_LITERAL_CONVERSION = YES;
				CLANG_WARN_OBJC_ROOT_CLASS = YES_ERROR;
				CLANG_WARN_QUOTED_INCLUDE_IN_FRAMEWORK_HEADER = YES;
				CLANG_WARN_RANGE_LOOP_ANALYSIS = YES;
				CLANG_WARN_STRICT_PROTOTYPES = YES;
				CLANG_WARN_SUSPICIOUS_MOVE = YES;
				CLANG_WARN_UNGUARDED_AVAILABILITY = YES_AGGRESSIVE;
				CLANG_WARN_UNREACHABLE_CODE = YES;
				CLANG_WARN__DUPLICATE_METHOD_MATCH = YES;
				COPY_PHASE_STRIP = NO;
				DEBUG_INFORMATION_FORMAT = "dwarf-with-dsym";
				ENABLE_NS_ASSERTIONS = NO;
				ENABLE_STRICT_OBJC_MSGSEND = YES;
				GCC_C_LANGUAGE_STANDARD = gnu11;
				GCC_NO_COMMON_BLOCKS = YES;
				GCC_WARN_64_TO_32_BIT_CONVERSION = YES;
				GCC_WARN_ABOUT_RETURN_TYPE = YES_ERROR;
				GCC_WARN_UNDECLARED_SELECTOR = YES;
				GCC_WARN_UNINITIALIZED_AUTOS = YES_AGGRESSIVE;
				GCC_WARN_UNUSED_FUNCTION = YES;
				GCC_WARN_UNUSED_VARIABLE = YES;
				IPHONEOS_DEPLOYMENT_TARGET = 16.4;
				MTL_ENABLE_DEBUG_INFO = NO;
				MTL_FAST_MATH = YES;
				SDKROOT = iphoneos;
				SWIFT_COMPILATION_MODE = wholemodule;
				SWIFT_OPTIMIZATION_LEVEL = "-O";
				VALIDATE_PRODUCT = YES;
			};
			name = Release;
		};
		A524BE2E2ACDCF1200D3303E /* Debug */ = {
			isa = XCBuildConfiguration;
			baseConfigurationReference = 23FCE253ECAF2B4A292CA6E0 /* Pods-Currency Widget.debug.xcconfig */;
			buildSettings = {
				ASSETCATALOG_COMPILER_APPICON_NAME = AppIcon;
				ASSETCATALOG_COMPILER_GLOBAL_ACCENT_COLOR_NAME = AccentColor;
				CODE_SIGN_STYLE = Automatic;
				CURRENT_PROJECT_VERSION = 1;
				DEVELOPMENT_TEAM = V4APKTMRAM;
				GENERATE_INFOPLIST_FILE = YES;
				INFOPLIST_FILE = "Currency Widget/Info.plist";
				INFOPLIST_KEY_CFBundleDisplayName = "Currency Widget";
				INFOPLIST_KEY_LSApplicationCategoryType = "public.app-category.finance";
				INFOPLIST_KEY_UIApplicationSupportsIndirectInputEvents = YES;
				INFOPLIST_KEY_UILaunchStoryboardName = LaunchScreen.storyboard;
				INFOPLIST_KEY_UIStatusBarStyle = UIStatusBarStyleDarkContent;
				INFOPLIST_KEY_UISupportedInterfaceOrientations = UIInterfaceOrientationPortrait;
				IPHONEOS_DEPLOYMENT_TARGET = 13.0;
				LD_RUNPATH_SEARCH_PATHS = (
					"$(inherited)",
					"@executable_path/Frameworks",
				);
				MARKETING_VERSION = 1.0;
				PRODUCT_BUNDLE_IDENTIFIER = "slm.Currency-Widget";
				PRODUCT_NAME = "$(TARGET_NAME)";
				SUPPORTED_PLATFORMS = "iphoneos iphonesimulator";
				SUPPORTS_MACCATALYST = NO;
				SUPPORTS_MAC_DESIGNED_FOR_IPHONE_IPAD = NO;
				SWIFT_EMIT_LOC_STRINGS = YES;
				SWIFT_VERSION = 5.0;
				TARGETED_DEVICE_FAMILY = "1,2";
			};
			name = Debug;
		};
		A524BE2F2ACDCF1200D3303E /* Release */ = {
			isa = XCBuildConfiguration;
			baseConfigurationReference = 62F2FB7E1FDAD2B2502DC6C1 /* Pods-Currency Widget.release.xcconfig */;
			buildSettings = {
				ASSETCATALOG_COMPILER_APPICON_NAME = AppIcon;
				ASSETCATALOG_COMPILER_GLOBAL_ACCENT_COLOR_NAME = AccentColor;
				CODE_SIGN_STYLE = Automatic;
				CURRENT_PROJECT_VERSION = 1;
				DEVELOPMENT_TEAM = V4APKTMRAM;
				GENERATE_INFOPLIST_FILE = YES;
				INFOPLIST_FILE = "Currency Widget/Info.plist";
				INFOPLIST_KEY_CFBundleDisplayName = "Currency Widget";
				INFOPLIST_KEY_LSApplicationCategoryType = "public.app-category.finance";
				INFOPLIST_KEY_UIApplicationSupportsIndirectInputEvents = YES;
				INFOPLIST_KEY_UILaunchStoryboardName = LaunchScreen.storyboard;
				INFOPLIST_KEY_UIStatusBarStyle = UIStatusBarStyleDarkContent;
				INFOPLIST_KEY_UISupportedInterfaceOrientations = UIInterfaceOrientationPortrait;
				IPHONEOS_DEPLOYMENT_TARGET = 13.0;
				LD_RUNPATH_SEARCH_PATHS = (
					"$(inherited)",
					"@executable_path/Frameworks",
				);
				MARKETING_VERSION = 1.0;
				PRODUCT_BUNDLE_IDENTIFIER = "slm.Currency-Widget";
				PRODUCT_NAME = "$(TARGET_NAME)";
				SUPPORTED_PLATFORMS = "iphoneos iphonesimulator";
				SUPPORTS_MACCATALYST = NO;
				SUPPORTS_MAC_DESIGNED_FOR_IPHONE_IPAD = NO;
				SWIFT_EMIT_LOC_STRINGS = YES;
				SWIFT_VERSION = 5.0;
				TARGETED_DEVICE_FAMILY = "1,2";
			};
			name = Release;
		};
/* End XCBuildConfiguration section */

/* Begin XCConfigurationList section */
		A524BE112ACDCF0E00D3303E /* Build configuration list for PBXProject "Currency Widget" */ = {
			isa = XCConfigurationList;
			buildConfigurations = (
				A524BE2B2ACDCF1200D3303E /* Debug */,
				A524BE2C2ACDCF1200D3303E /* Release */,
			);
			defaultConfigurationIsVisible = 0;
			defaultConfigurationName = Release;
		};
		A524BE2D2ACDCF1200D3303E /* Build configuration list for PBXNativeTarget "Currency Widget" */ = {
			isa = XCConfigurationList;
			buildConfigurations = (
				A524BE2E2ACDCF1200D3303E /* Debug */,
				A524BE2F2ACDCF1200D3303E /* Release */,
			);
			defaultConfigurationIsVisible = 0;
			defaultConfigurationName = Release;
		};
/* End XCConfigurationList section */

/* Begin XCVersionGroup section */
		A524BE222ACDCF0E00D3303E /* Currency_Widget.xcdatamodeld */ = {
			isa = XCVersionGroup;
			children = (
				A524BE232ACDCF0E00D3303E /* Currency_Widget.xcdatamodel */,
			);
			currentVersion = A524BE232ACDCF0E00D3303E /* Currency_Widget.xcdatamodel */;
			path = Currency_Widget.xcdatamodeld;
			sourceTree = "<group>";
			versionGroupType = wrapper.xcdatamodel;
		};
/* End XCVersionGroup section */
	};
	rootObject = A524BE0E2ACDCF0E00D3303E /* Project object */;
}
